
Microsoft Visual Studio Solution File, Format Version 12.00
# Visual Studio Version 17
VisualStudioVersion = 17.5.33502.453
MinimumVisualStudioVersion = 10.0.40219.1
Project("{9A19103F-16F7-4668-BE54-9A1E7A4F7556}") = "DesignPattern", "DesignPattern\DesignPattern.csproj", "{82AB0580-88E6-40C6-9DD4-210D6364A1ED}"
EndProject
Project("{9A19103F-16F7-4668-BE54-9A1E7A4F7556}") = "Security", "Security\Security.csproj", "{6174D5AF-D246-458F-993B-783A15B4506F}"
EndProject
Project("{2150E333-8FDC-42A3-9474-1A3956D46DE8}") = "IOC", "IOC", "{5F3CD90A-FF9D-4A52-8DB4-EE6E2E024AE2}"
EndProject
Project("{9A19103F-16F7-4668-BE54-9A1E7A4F7556}") = "IOC.ConsoleApp", "IOC.ConsoleApp\IOC.ConsoleApp.csproj", "{62E750BA-B7D2-49B4-9E26-8544E42F73DD}"
EndProject
Project("{9A19103F-16F7-4668-BE54-9A1E7A4F7556}") = "IOC.Web", "IOC.Web\IOC.Web.csproj", "{F2897931-C7AD-45D5-82B2-D8DCAEFED746}"
EndProject
Project("{2150E333-8FDC-42A3-9474-1A3956D46DE8}") = "AutoMapper", "AutoMapper", "{FC44183D-1896-47F7-B221-6C9F9A4669F0}"
EndProject
Project("{2150E333-8FDC-42A3-9474-1A3956D46DE8}") = "FluentValidation", "FluentValidation", "{4EA3A55F-4442-4AFD-9F1F-11DC34A2DD59}"
EndProject
Project("{2150E333-8FDC-42A3-9474-1A3956D46DE8}") = "API", "API", "{1432AA55-AAFD-4EFA-A989-376D67BC5D83}"
EndProject
Project("{2150E333-8FDC-42A3-9474-1A3956D46DE8}") = "RestApi", "RestApi", "{E4F0DD3D-FCB0-4CE1-9229-C741D931729A}"
EndProject
Project("{2150E333-8FDC-42A3-9474-1A3956D46DE8}") = "SoapApi", "SoapApi", "{51A6BBD3-6751-4B60-BDC3-705BC3597CE5}"
EndProject
Project("{2150E333-8FDC-42A3-9474-1A3956D46DE8}") = "Smidge", "Smidge", "{327738E1-3893-4BB3-AC2D-7326A4412A6E}"
EndProject
Project("{2150E333-8FDC-42A3-9474-1A3956D46DE8}") = "RateLimit", "RateLimit", "{A86F516D-D19F-4275-A487-A73CAE4D844E}"
EndProject
Project("{2150E333-8FDC-42A3-9474-1A3956D46DE8}") = "HangFireWeb", "HangFireWeb", "{E4D8805A-F06E-4550-87F9-C8E2B731292C}"
EndProject
Project("{2150E333-8FDC-42A3-9474-1A3956D46DE8}") = "ErrorHandlingCore", "ErrorHandlingCore", "{6F8CFEC7-080D-4871-9588-C05B4CEED76F}"
EndProject
Project("{2150E333-8FDC-42A3-9474-1A3956D46DE8}") = "SecurityWeb", "SecurityWeb", "{D7007079-6208-48CB-A870-DD66A98FD96E}"
EndProject
Project("{2150E333-8FDC-42A3-9474-1A3956D46DE8}") = "Logging", "Logging", "{ADC7FF7A-C2DC-464A-95F8-FFD1B4C7D861}"
EndProject
Project("{2150E333-8FDC-42A3-9474-1A3956D46DE8}") = "AdoNet", "AdoNet", "{B4CC1172-0933-46AD-8FB9-3229917676FC}"
EndProject
Project("{2150E333-8FDC-42A3-9474-1A3956D46DE8}") = "DapperWeb", "DapperWeb", "{4BC60D8E-CF3A-4903-B72D-0100C5E55A5A}"
EndProject
Project("{2150E333-8FDC-42A3-9474-1A3956D46DE8}") = "RabbitMQWeb", "RabbitMQWeb", "{D0563364-57E4-47ED-A33B-6399F8EA545B}"
EndProject
Project("{2150E333-8FDC-42A3-9474-1A3956D46DE8}") = "IdentityWeb", "IdentityWeb", "{93D861FE-8A16-4768-A7A8-4B270519D361}"
EndProject
Project("{2150E333-8FDC-42A3-9474-1A3956D46DE8}") = "Cacheleme", "Cacheleme", "{2D7CB515-4C2A-4DAD-B607-6C3EBCBAC641}"
EndProject
Project("{2150E333-8FDC-42A3-9474-1A3956D46DE8}") = "UnitTest", "UnitTest", "{C68FF1E5-F839-422B-9C93-2A1F059E6C91}"
EndProject
Project("{2150E333-8FDC-42A3-9474-1A3956D46DE8}") = "SignalRWeb", "SignalRWeb", "{1BF5848B-6860-4A48-A235-7511867632A2}"
EndProject
Project("{2150E333-8FDC-42A3-9474-1A3956D46DE8}") = "ODataWeb", "ODataWeb", "{4691051A-25E9-4CD6-95CE-8D304F82B12E}"
EndProject
Project("{2150E333-8FDC-42A3-9474-1A3956D46DE8}") = "ElasticSearchWeb", "ElasticSearchWeb", "{B419670E-CD21-41BD-9B97-B5EA58A2271D}"
EndProject
Project("{2150E333-8FDC-42A3-9474-1A3956D46DE8}") = "MultiThreadProgramlama", "MultiThreadProgramlama", "{3C02D14A-F01C-4028-8C5E-768D8150E73B}"
EndProject
Project("{2150E333-8FDC-42A3-9474-1A3956D46DE8}") = "MicroserviceMimarisi", "MicroserviceMimarisi", "{CD20C441-5324-4F1A-A176-47F808183139}"
EndProject
Project("{FAE04EC0-301F-11D3-BF4B-00C04F79EFBC}") = "AdoNet.Web", "AdoNet.Web\AdoNet.Web.csproj", "{446AF5E2-C53B-480A-B2B3-EAE19D48C3AB}"
EndProject
Global
	GlobalSection(SolutionConfigurationPlatforms) = preSolution
		Debug|Any CPU = Debug|Any CPU
		Release|Any CPU = Release|Any CPU
	EndGlobalSection
	GlobalSection(ProjectConfigurationPlatforms) = postSolution
		{82AB0580-88E6-40C6-9DD4-210D6364A1ED}.Debug|Any CPU.ActiveCfg = Debug|Any CPU
		{82AB0580-88E6-40C6-9DD4-210D6364A1ED}.Debug|Any CPU.Build.0 = Debug|Any CPU
		{82AB0580-88E6-40C6-9DD4-210D6364A1ED}.Release|Any CPU.ActiveCfg = Release|Any CPU
		{82AB0580-88E6-40C6-9DD4-210D6364A1ED}.Release|Any CPU.Build.0 = Release|Any CPU
		{6174D5AF-D246-458F-993B-783A15B4506F}.Debug|Any CPU.ActiveCfg = Debug|Any CPU
		{6174D5AF-D246-458F-993B-783A15B4506F}.Debug|Any CPU.Build.0 = Debug|Any CPU
		{6174D5AF-D246-458F-993B-783A15B4506F}.Release|Any CPU.ActiveCfg = Release|Any CPU
		{6174D5AF-D246-458F-993B-783A15B4506F}.Release|Any CPU.Build.0 = Release|Any CPU
		{62E750BA-B7D2-49B4-9E26-8544E42F73DD}.Debug|Any CPU.ActiveCfg = Debug|Any CPU
		{62E750BA-B7D2-49B4-9E26-8544E42F73DD}.Debug|Any CPU.Build.0 = Debug|Any CPU
		{62E750BA-B7D2-49B4-9E26-8544E42F73DD}.Release|Any CPU.ActiveCfg = Release|Any CPU
		{62E750BA-B7D2-49B4-9E26-8544E42F73DD}.Release|Any CPU.Build.0 = Release|Any CPU
		{F2897931-C7AD-45D5-82B2-D8DCAEFED746}.Debug|Any CPU.ActiveCfg = Debug|Any CPU
		{F2897931-C7AD-45D5-82B2-D8DCAEFED746}.Debug|Any CPU.Build.0 = Debug|Any CPU
		{F2897931-C7AD-45D5-82B2-D8DCAEFED746}.Release|Any CPU.ActiveCfg = Release|Any CPU
		{F2897931-C7AD-45D5-82B2-D8DCAEFED746}.Release|Any CPU.Build.0 = Release|Any CPU
		{446AF5E2-C53B-480A-B2B3-EAE19D48C3AB}.Debug|Any CPU.ActiveCfg = Debug|Any CPU
		{446AF5E2-C53B-480A-B2B3-EAE19D48C3AB}.Debug|Any CPU.Build.0 = Debug|Any CPU
		{446AF5E2-C53B-480A-B2B3-EAE19D48C3AB}.Release|Any CPU.ActiveCfg = Release|Any CPU
		{446AF5E2-C53B-480A-B2B3-EAE19D48C3AB}.Release|Any CPU.Build.0 = Release|Any CPU
	EndGlobalSection
	GlobalSection(SolutionProperties) = preSolution
		HideSolutionNode = FALSE
	EndGlobalSection
	GlobalSection(NestedProjects) = preSolution
		{6174D5AF-D246-458F-993B-783A15B4506F} = {D7007079-6208-48CB-A870-DD66A98FD96E}
		{62E750BA-B7D2-49B4-9E26-8544E42F73DD} = {5F3CD90A-FF9D-4A52-8DB4-EE6E2E024AE2}
		{F2897931-C7AD-45D5-82B2-D8DCAEFED746} = {5F3CD90A-FF9D-4A52-8DB4-EE6E2E024AE2}
		{E4F0DD3D-FCB0-4CE1-9229-C741D931729A} = {1432AA55-AAFD-4EFA-A989-376D67BC5D83}
		{51A6BBD3-6751-4B60-BDC3-705BC3597CE5} = {1432AA55-AAFD-4EFA-A989-376D67BC5D83}
		{446AF5E2-C53B-480A-B2B3-EAE19D48C3AB} = {B4CC1172-0933-46AD-8FB9-3229917676FC}
	EndGlobalSection
	GlobalSection(ExtensibilityGlobals) = postSolution
		SolutionGuid = {FBFA309C-B6CD-4784-AB01-3AA48DB5F5F1}
	EndGlobalSection
EndGlobal
